# This file is automatically @generated by Poetry 1.8.4 and should not be changed by hand.

[[package]]
name = "polars"
version = "1.16.0"
description = "Blazingly fast DataFrame library"
optional = false
python-versions = ">=3.9"
files = [
    {file = "polars-1.16.0-cp39-abi3-macosx_10_12_x86_64.whl", hash = "sha256:072f5ff3b5fe05797c59890de0e464b34ede75a9735e7d7221622fa3a0616d8e"},
    {file = "polars-1.16.0-cp39-abi3-macosx_11_0_arm64.whl", hash = "sha256:ebaf7a1ea114b042fa9f1cd17d49436279eb30545dd74361a2f5e3febeb867cd"},
    {file = "polars-1.16.0-cp39-abi3-manylinux_2_17_x86_64.manylinux2014_x86_64.whl", hash = "sha256:e626d21dcd2566e1442dac414fe177bc70ebfc2f16620d59d778b1b774361018"},
    {file = "polars-1.16.0-cp39-abi3-manylinux_2_24_aarch64.whl", hash = "sha256:53debcce55f68731ee2c7d6c787afdee26860ed6576f1ffa0cb9111b57f82857"},
    {file = "polars-1.16.0-cp39-abi3-win_amd64.whl", hash = "sha256:17efcb550c42d51034ff79702612b9184d8eac0d500de1dd7fb98490459276d3"},
    {file = "polars-1.16.0.tar.gz", hash = "sha256:dd99808b833872babe02434a809fd45c1cffe66a3d57123cdc5e447c7753d328"},
]

[package.extras]
adbc = ["adbc-driver-manager[dbapi]", "adbc-driver-sqlite[dbapi]"]
all = ["polars[async,cloudpickle,database,deltalake,excel,fsspec,graph,iceberg,numpy,pandas,plot,pyarrow,pydantic,style,timezone]"]
async = ["gevent"]
calamine = ["fastexcel (>=0.9)"]
cloudpickle = ["cloudpickle"]
connectorx = ["connectorx (>=0.3.2)"]
database = ["nest-asyncio", "polars[adbc,connectorx,sqlalchemy]"]
deltalake = ["deltalake (>=0.15.0)"]
excel = ["polars[calamine,openpyxl,xlsx2csv,xlsxwriter]"]
fsspec = ["fsspec"]
gpu = ["cudf-polars-cu12"]
graph = ["matplotlib"]
iceberg = ["pyiceberg (>=0.5.0)"]
numpy = ["numpy (>=1.16.0)"]
openpyxl = ["openpyxl (>=3.0.0)"]
pandas = ["pandas", "polars[pyarrow]"]
plot = ["altair (>=5.4.0)"]
pyarrow = ["pyarrow (>=7.0.0)"]
pydantic = ["pydantic"]
sqlalchemy = ["polars[pandas]", "sqlalchemy"]
style = ["great-tables (>=0.8.0)"]
timezone = ["backports-zoneinfo", "tzdata"]
xlsx2csv = ["xlsx2csv (>=0.8.0)"]
xlsxwriter = ["xlsxwriter"]

[metadata]
lock-version = "2.0"
python-versions = "^3.12"
content-hash = "970d40ac2dd1f7ccea0450f3f7806b3f19eaffbff45399a99b82294b16e5a62d"
